# This file is automatically @generated by Cargo.
# It is not intended for manual editing.
version = 4

[[package]]
name = "wisp-app"
version = "0.1.0"

[[package]]
name = "wisp-bin"
version = "0.1.0"

[[package]]
name = "wisp-config"
version = "0.1.0"

[[package]]
name = "wisp-core"
version = "0.1.0"

[[package]]
name = "wisp-fuzzy"
version = "0.1.0"

[[package]]
name = "wisp-preview"
version = "0.1.0"

[[package]]
name = "wisp-tmux"
version = "0.1.0"

[[package]]
name = "wisp-ui"
version = "0.1.0"

[[package]]
name = "wisp-zoxide"
version = "0.1.0"
